// !$*UTF8*$!
{
	archiveVersion = 1;
	classes = {
	};
	objectVersion = 55;
	objects = {

/* Begin PBXBuildFile section */
		B137D806279B316E00E668D5 /* Tests_iOS.swift in Sources */ = {isa = PBXBuildFile; fileRef = B137D805279B316E00E668D5 /* Tests_iOS.swift */; };
		B137D808279B316E00E668D5 /* Tests_iOSLaunchTests.swift in Sources */ = {isa = PBXBuildFile; fileRef = B137D807279B316E00E668D5 /* Tests_iOSLaunchTests.swift */; };
		B137D812279B316E00E668D5 /* Tests_macOS.swift in Sources */ = {isa = PBXBuildFile; fileRef = B137D811279B316E00E668D5 /* Tests_macOS.swift */; };
		B137D814279B316E00E668D5 /* Tests_macOSLaunchTests.swift in Sources */ = {isa = PBXBuildFile; fileRef = B137D813279B316E00E668D5 /* Tests_macOSLaunchTests.swift */; };
		B137D815279B316E00E668D5 /* SphereAppApp.swift in Sources */ = {isa = PBXBuildFile; fileRef = B137D7ED279B316B00E668D5 /* SphereAppApp.swift */; };
		B137D816279B316E00E668D5 /* SphereAppApp.swift in Sources */ = {isa = PBXBuildFile; fileRef = B137D7ED279B316B00E668D5 /* SphereAppApp.swift */; };
		B137D819279B316E00E668D5 /* Assets.xcassets in Resources */ = {isa = PBXBuildFile; fileRef = B137D7EF279B316D00E668D5 /* Assets.xcassets */; };
		B137D81A279B316E00E668D5 /* Assets.xcassets in Resources */ = {isa = PBXBuildFile; fileRef = B137D7EF279B316D00E668D5 /* Assets.xcassets */; };
		B137D82A279B344D00E668D5 /* Sphere.swift in Sources */ = {isa = PBXBuildFile; fileRef = B137D829279B344D00E668D5 /* Sphere.swift */; };
		B137D86D279DFEAA00E668D5 /* ContentView.swift in Sources */ = {isa = PBXBuildFile; fileRef = B137D7EE279B316B00E668D5 /* ContentView.swift */; };
		B137D86E279DFEB000E668D5 /* ContentView.swift in Sources */ = {isa = PBXBuildFile; fileRef = B137D7EE279B316B00E668D5 /* ContentView.swift */; };
		B137D86F279E006400E668D5 /* Sphere.swift in Sources */ = {isa = PBXBuildFile; fileRef = B137D829279B344D00E668D5 /* Sphere.swift */; };
		B137D870279E006A00E668D5 /* ContentView.swift in Sources */ = {isa = PBXBuildFile; fileRef = B137D7EE279B316B00E668D5 /* ContentView.swift */; };
		B137D871279E006B00E668D5 /* ContentView.swift in Sources */ = {isa = PBXBuildFile; fileRef = B137D7EE279B316B00E668D5 /* ContentView.swift */; };
/* End PBXBuildFile section */

/* Begin PBXContainerItemProxy section */
		B137D802279B316E00E668D5 /* PBXContainerItemProxy */ = {
			isa = PBXContainerItemProxy;
			containerPortal = B137D7E8279B316B00E668D5 /* Project object */;
			proxyType = 1;
			remoteGlobalIDString = B137D7F3279B316D00E668D5;
			remoteInfo = "SphereApp (iOS)";
		};
		B137D80E279B316E00E668D5 /* PBXContainerItemProxy */ = {
			isa = PBXContainerItemProxy;
			containerPortal = B137D7E8279B316B00E668D5 /* Project object */;
			proxyType = 1;
			remoteGlobalIDString = B137D7F9279B316D00E668D5;
			remoteInfo = "SphereApp (macOS)";
		};
/* End PBXContainerItemProxy section */

/* Begin PBXFileReference section */
		B137D7ED279B316B00E668D5 /* SphereAppApp.swift */ = {isa = PBXFileReference; lastKnownFileType = sourcecode.swift; path = SphereAppApp.swift; sourceTree = "<group>"; };
		B137D7EE279B316B00E668D5 /* ContentView.swift */ = {isa = PBXFileReference; lastKnownFileType = sourcecode.swift; path = ContentView.swift; sourceTree = "<group>"; };
		B137D7EF279B316D00E668D5 /* Assets.xcassets */ = {isa = PBXFileReference; lastKnownFileType = folder.assetcatalog; path = Assets.xcassets; sourceTree = "<group>"; };
		B137D7F4279B316D00E668D5 /* SphereApp.app */ = {isa = PBXFileReference; explicitFileType = wrapper.application; includeInIndex = 0; path = SphereApp.app; sourceTree = BUILT_PRODUCTS_DIR; };
		B137D7FA279B316D00E668D5 /* SphereApp.app */ = {isa = PBXFileReference; explicitFileType = wrapper.application; includeInIndex = 0; path = SphereApp.app; sourceTree = BUILT_PRODUCTS_DIR; };
		B137D7FC279B316D00E668D5 /* macOS.entitlements */ = {isa = PBXFileReference; lastKnownFileType = text.plist.entitlements; path = macOS.entitlements; sourceTree = "<group>"; };
		B137D801279B316E00E668D5 /* Tests iOS.xctest */ = {isa = PBXFileReference; explicitFileType = wrapper.cfbundle; includeInIndex = 0; path = "Tests iOS.xctest"; sourceTree = BUILT_PRODUCTS_DIR; };
		B137D805279B316E00E668D5 /* Tests_iOS.swift */ = {isa = PBXFileReference; lastKnownFileType = sourcecode.swift; path = Tests_iOS.swift; sourceTree = "<group>"; };
		B137D807279B316E00E668D5 /* Tests_iOSLaunchTests.swift */ = {isa = PBXFileReference; lastKnownFileType = sourcecode.swift; path = Tests_iOSLaunchTests.swift; sourceTree = "<group>"; };
		B137D80D279B316E00E668D5 /* Tests macOS.xctest */ = {isa = PBXFileReference; explicitFileType = wrapper.cfbundle; includeInIndex = 0; path = "Tests macOS.xctest"; sourceTree = BUILT_PRODUCTS_DIR; };
		B137D811279B316E00E668D5 /* Tests_macOS.swift */ = {isa = PBXFileReference; lastKnownFileType = sourcecode.swift; path = Tests_macOS.swift; sourceTree = "<group>"; };
		B137D813279B316E00E668D5 /* Tests_macOSLaunchTests.swift */ = {isa = PBXFileReference; lastKnownFileType = sourcecode.swift; path = Tests_macOSLaunchTests.swift; sourceTree = "<group>"; };
		B137D829279B344D00E668D5 /* Sphere.swift */ = {isa = PBXFileReference; lastKnownFileType = sourcecode.swift; path = Sphere.swift; sourceTree = "<group>"; };
/* End PBXFileReference section */

/* Begin PBXFrameworksBuildPhase section */
		B137D7F1279B316D00E668D5 /* Frameworks */ = {
			isa = PBXFrameworksBuildPhase;
			buildActionMask = 2147483647;
			files = (
			);
			runOnlyForDeploymentPostprocessing = 0;
		};
		B137D7F7279B316D00E668D5 /* Frameworks */ = {
			isa = PBXFrameworksBuildPhase;
			buildActionMask = 2147483647;
			files = (
			);
			runOnlyForDeploymentPostprocessing = 0;
		};
		B137D7FE279B316E00E668D5 /* Frameworks */ = {
			isa = PBXFrameworksBuildPhase;
			buildActionMask = 2147483647;
			files = (
			);
			runOnlyForDeploymentPostprocessing = 0;
		};
		B137D80A279B316E00E668D5 /* Frameworks */ = {
			isa = PBXFrameworksBuildPhase;
			buildActionMask = 2147483647;
			files = (
			);
			runOnlyForDeploymentPostprocessing = 0;
		};
/* End PBXFrameworksBuildPhase section */

/* Begin PBXGroup section */
		B137D7E7279B316B00E668D5 = {
			isa = PBXGroup;
			children = (
				B137D7EC279B316B00E668D5 /* Shared */,
				B137D7FB279B316D00E668D5 /* macOS */,
				B137D804279B316E00E668D5 /* Tests iOS */,
				B137D810279B316E00E668D5 /* Tests macOS */,
				B137D7F5279B316D00E668D5 /* Products */,
			);
			sourceTree = "<group>";
		};
		B137D7EC279B316B00E668D5 /* Shared */ = {
			isa = PBXGroup;
			children = (
				B137D829279B344D00E668D5 /* Sphere.swift */,
				B137D7ED279B316B00E668D5 /* SphereAppApp.swift */,
				B137D7EE279B316B00E668D5 /* ContentView.swift */,
				B137D7EF279B316D00E668D5 /* Assets.xcassets */,
			);
			path = Shared;
			sourceTree = "<group>";
		};
		B137D7F5279B316D00E668D5 /* Products */ = {
			isa = PBXGroup;
			children = (
				B137D7F4279B316D00E668D5 /* SphereApp.app */,
				B137D7FA279B316D00E668D5 /* SphereApp.app */,
				B137D801279B316E00E668D5 /* Tests iOS.xctest */,
				B137D80D279B316E00E668D5 /* Tests macOS.xctest */,
			);
			name = Products;
			sourceTree = "<group>";
		};
		B137D7FB279B316D00E668D5 /* macOS */ = {
			isa = PBXGroup;
			children = (
				B137D7FC279B316D00E668D5 /* macOS.entitlements */,
			);
			path = macOS;
			sourceTree = "<group>";
		};
		B137D804279B316E00E668D5 /* Tests iOS */ = {
			isa = PBXGroup;
			children = (
				B137D805279B316E00E668D5 /* Tests_iOS.swift */,
				B137D807279B316E00E668D5 /* Tests_iOSLaunchTests.swift */,
			);
			path = "Tests iOS";
			sourceTree = "<group>";
		};
		B137D810279B316E00E668D5 /* Tests macOS */ = {
			isa = PBXGroup;
			children = (
				B137D811279B316E00E668D5 /* Tests_macOS.swift */,
				B137D813279B316E00E668D5 /* Tests_macOSLaunchTests.swift */,
			);
			path = "Tests macOS";
			sourceTree = "<group>";
		};
/* End PBXGroup section */

/* Begin PBXNativeTarget section */
		B137D7F3279B316D00E668D5 /* SphereApp (iOS) */ = {
			isa = PBXNativeTarget;
			buildConfigurationList = B137D81D279B316E00E668D5 /* Build configuration list for PBXNativeTarget "SphereApp (iOS)" */;
			buildPhases = (
				B137D7F0279B316D00E668D5 /* Sources */,
				B137D7F1279B316D00E668D5 /* Frameworks */,
				B137D7F2279B316D00E668D5 /* Resources */,
			);
			buildRules = (
			);
			dependencies = (
			);
			name = "SphereApp (iOS)";
			productName = "SphereApp (iOS)";
			productReference = B137D7F4279B316D00E668D5 /* SphereApp.app */;
			productType = "com.apple.product-type.application";
		};
		B137D7F9279B316D00E668D5 /* SphereApp (macOS) */ = {
			isa = PBXNativeTarget;
			buildConfigurationList = B137D820279B316E00E668D5 /* Build configuration list for PBXNativeTarget "SphereApp (macOS)" */;
			buildPhases = (
				B137D7F6279B316D00E668D5 /* Sources */,
				B137D7F7279B316D00E668D5 /* Frameworks */,
				B137D7F8279B316D00E668D5 /* Resources */,
			);
			buildRules = (
			);
			dependencies = (
			);
			name = "SphereApp (macOS)";
			productName = "SphereApp (macOS)";
			productReference = B137D7FA279B316D00E668D5 /* SphereApp.app */;
			productType = "com.apple.product-type.application";
		};
		B137D800279B316E00E668D5 /* Tests iOS */ = {
			isa = PBXNativeTarget;
			buildConfigurationList = B137D823279B316E00E668D5 /* Build configuration list for PBXNativeTarget "Tests iOS" */;
			buildPhases = (
				B137D7FD279B316E00E668D5 /* Sources */,
				B137D7FE279B316E00E668D5 /* Frameworks */,
				B137D7FF279B316E00E668D5 /* Resources */,
			);
			buildRules = (
			);
			dependencies = (
				B137D803279B316E00E668D5 /* PBXTargetDependency */,
			);
			name = "Tests iOS";
			productName = "Tests iOS";
			productReference = B137D801279B316E00E668D5 /* Tests iOS.xctest */;
			productType = "com.apple.product-type.bundle.ui-testing";
		};
		B137D80C279B316E00E668D5 /* Tests macOS */ = {
			isa = PBXNativeTarget;
			buildConfigurationList = B137D826279B316E00E668D5 /* Build configuration list for PBXNativeTarget "Tests macOS" */;
			buildPhases = (
				B137D809279B316E00E668D5 /* Sources */,
				B137D80A279B316E00E668D5 /* Frameworks */,
				B137D80B279B316E00E668D5 /* Resources */,
			);
			buildRules = (
			);
			dependencies = (
				B137D80F279B316E00E668D5 /* PBXTargetDependency */,
			);
			name = "Tests macOS";
			productName = "Tests macOS";
			productReference = B137D80D279B316E00E668D5 /* Tests macOS.xctest */;
			productType = "com.apple.product-type.bundle.ui-testing";
		};
/* End PBXNativeTarget section */

/* Begin PBXProject section */
		B137D7E8279B316B00E668D5 /* Project object */ = {
			isa = PBXProject;
			attributes = {
				BuildIndependentTargetsInParallel = 1;
				LastSwiftUpdateCheck = 1320;
				LastUpgradeCheck = 1320;
				TargetAttributes = {
					B137D7F3279B316D00E668D5 = {
						CreatedOnToolsVersion = 13.2.1;
					};
					B137D7F9279B316D00E668D5 = {
						CreatedOnToolsVersion = 13.2.1;
					};
					B137D800279B316E00E668D5 = {
						CreatedOnToolsVersion = 13.2.1;
						TestTargetID = B137D7F3279B316D00E668D5;
					};
					B137D80C279B316E00E668D5 = {
						CreatedOnToolsVersion = 13.2.1;
						TestTargetID = B137D7F9279B316D00E668D5;
					};
				};
			};
			buildConfigurationList = B137D7EB279B316B00E668D5 /* Build configuration list for PBXProject "SphereApp" */;
			compatibilityVersion = "Xcode 13.0";
			developmentRegion = en;
			hasScannedForEncodings = 0;
			knownRegions = (
				en,
				Base,
			);
			mainGroup = B137D7E7279B316B00E668D5;
			productRefGroup = B137D7F5279B316D00E668D5 /* Products */;
			projectDirPath = "";
			projectRoot = "";
			targets = (
				B137D7F3279B316D00E668D5 /* SphereApp (iOS) */,
				B137D7F9279B316D00E668D5 /* SphereApp (macOS) */,
				B137D800279B316E00E668D5 /* Tests iOS */,
				B137D80C279B316E00E668D5 /* Tests macOS */,
			);
		};
/* End PBXProject section */

/* Begin PBXResourcesBuildPhase section */
		B137D7F2279B316D00E668D5 /* Resources */ = {
			isa = PBXResourcesBuildPhase;
			buildActionMask = 2147483647;
			files = (
				B137D819279B316E00E668D5 /* Assets.xcassets in Resources */,
			);
			runOnlyForDeploymentPostprocessing = 0;
		};
		B137D7F8279B316D00E668D5 /* Resources */ = {
			isa = PBXResourcesBuildPhase;
			buildActionMask = 2147483647;
			files = (
				B137D81A279B316E00E668D5 /* Assets.xcassets in Resources */,
			);
			runOnlyForDeploymentPostprocessing = 0;
		};
		B137D7FF279B316E00E668D5 /* Resources */ = {
			isa = PBXResourcesBuildPhase;
			buildActionMask = 2147483647;
			files = (
			);
			runOnlyForDeploymentPostprocessing = 0;
		};
		B137D80B279B316E00E668D5 /* Resources */ = {
			isa = PBXResourcesBuildPhase;
			buildActionMask = 2147483647;
			files = (
			);
			runOnlyForDeploymentPostprocessing = 0;
		};
/* End PBXResourcesBuildPhase section */

/* Begin PBXSourcesBuildPhase section */
		B137D7F0279B316D00E668D5 /* Sources */ = {
			isa = PBXSourcesBuildPhase;
			buildActionMask = 2147483647;
			files = (
				B137D815279B316E00E668D5 /* SphereAppApp.swift in Sources */,
				B137D82A279B344D00E668D5 /* Sphere.swift in Sources */,
				B137D86D279DFEAA00E668D5 /* ContentView.swift in Sources */,
			);
			runOnlyForDeploymentPostprocessing = 0;
		};
		B137D7F6279B316D00E668D5 /* Sources */ = {
			isa = PBXSourcesBuildPhase;
			buildActionMask = 2147483647;
			files = (
				B137D86E279DFEB000E668D5 /* ContentView.swift in Sources */,
				B137D816279B316E00E668D5 /* SphereAppApp.swift in Sources */,
				B137D86F279E006400E668D5 /* Sphere.swift in Sources */,
			);
			runOnlyForDeploymentPostprocessing = 0;
		};
		B137D7FD279B316E00E668D5 /* Sources */ = {
			isa = PBXSourcesBuildPhase;
			buildActionMask = 2147483647;
			files = (
				B137D808279B316E00E668D5 /* Tests_iOSLaunchTests.swift in Sources */,
				B137D806279B316E00E668D5 /* Tests_iOS.swift in Sources */,
				B137D870279E006A00E668D5 /* ContentView.swift in Sources */,
			);
			runOnlyForDeploymentPostprocessing = 0;
		};
		B137D809279B316E00E668D5 /* Sources */ = {
			isa = PBXSourcesBuildPhase;
			buildActionMask = 2147483647;
			files = (
				B137D814279B316E00E668D5 /* Tests_macOSLaunchTests.swift in Sources */,
				B137D812279B316E00E668D5 /* Tests_macOS.swift in Sources */,
				B137D871279E006B00E668D5 /* ContentView.swift in Sources */,
			);
			runOnlyForDeploymentPostprocessing = 0;
		};
/* End PBXSourcesBuildPhase section */

/* Begin PBXTargetDependency section */
		B137D803279B316E00E668D5 /* PBXTargetDependency */ = {
			isa = PBXTargetDependency;
			target = B137D7F3279B316D00E668D5 /* SphereApp (iOS) */;
			targetProxy = B137D802279B316E00E668D5 /* PBXContainerItemProxy */;
		};
		B137D80F279B316E00E668D5 /* PBXTargetDependency */ = {
			isa = PBXTargetDependency;
			target = B137D7F9279B316D00E668D5 /* SphereApp (macOS) */;
			targetProxy = B137D80E279B316E00E668D5 /* PBXContainerItemProxy */;
		};
/* End PBXTargetDependency section */

/* Begin XCBuildConfiguration section */
		B137D81B279B316E00E668D5 /* Debug */ = {
			isa = XCBuildConfiguration;
			buildSettings = {
				ALWAYS_SEARCH_USER_PATHS = NO;
				CLANG_ANALYZER_NONNULL = YES;
				CLANG_ANALYZER_NUMBER_OBJECT_CONVERSION = YES_AGGRESSIVE;
				CLANG_CXX_LANGUAGE_STANDARD = "gnu++17";
				CLANG_CXX_LIBRARY = "libc++";
				CLANG_ENABLE_MODULES = YES;
				CLANG_ENABLE_OBJC_ARC = YES;
				CLANG_ENABLE_OBJC_WEAK = YES;
				CLANG_WARN_BLOCK_CAPTURE_AUTORELEASING = YES;
				CLANG_WARN_BOOL_CONVERSION = YES;
				CLANG_WARN_COMMA = YES;
				CLANG_WARN_CONSTANT_CONVERSION = YES;
				CLANG_WARN_DEPRECATED_OBJC_IMPLEMENTATIONS = YES;
				CLANG_WARN_DIRECT_OBJC_ISA_USAGE = YES_ERROR;
				CLANG_WARN_DOCUMENTATION_COMMENTS = YES;
				CLANG_WARN_EMPTY_BODY = YES;
				CLANG_WARN_ENUM_CONVERSION = YES;
				CLANG_WARN_INFINITE_RECURSION = YES;
				CLANG_WARN_INT_CONVERSION = YES;
				CLANG_WARN_NON_LITERAL_NULL_CONVERSION = YES;
				CLANG_WARN_OBJC_IMPLICIT_RETAIN_SELF = YES;
				CLANG_WARN_OBJC_LITERAL_CONVERSION = YES;
				CLANG_WARN_OBJC_ROOT_CLASS = YES_ERROR;
				CLANG_WARN_QUOTED_INCLUDE_IN_FRAMEWORK_HEADER = YES;
				CLANG_WARN_RANGE_LOOP_ANALYSIS = YES;
				CLANG_WARN_STRICT_PROTOTYPES = YES;
				CLANG_WARN_SUSPICIOUS_MOVE = YES;
				CLANG_WARN_UNGUARDED_AVAILABILITY = YES_AGGRESSIVE;
				CLANG_WARN_UNREACHABLE_CODE = YES;
				CLANG_WARN__DUPLICATE_METHOD_MATCH = YES;
				COPY_PHASE_STRIP = NO;
				DEBUG_INFORMATION_FORMAT = dwarf;
				ENABLE_STRICT_OBJC_MSGSEND = YES;
				ENABLE_TESTABILITY = YES;
				GCC_C_LANGUAGE_STANDARD = gnu11;
				GCC_DYNAMIC_NO_PIC = NO;
				GCC_NO_COMMON_BLOCKS = YES;
				GCC_OPTIMIZATION_LEVEL = 0;
				GCC_PREPROCESSOR_DEFINITIONS = (
					"DEBUG=1",
					"$(inherited)",
				);
				GCC_WARN_64_TO_32_BIT_CONVERSION = YES;
				GCC_WARN_ABOUT_RETURN_TYPE = YES_ERROR;
				GCC_WARN_UNDECLARED_SELECTOR = YES;
				GCC_WARN_UNINITIALIZED_AUTOS = YES_AGGRESSIVE;
				GCC_WARN_UNUSED_FUNCTION = YES;
				GCC_WARN_UNUSED_VARIABLE = YES;
				MTL_ENABLE_DEBUG_INFO = INCLUDE_SOURCE;
				MTL_FAST_MATH = YES;
				ONLY_ACTIVE_ARCH = YES;
				SWIFT_ACTIVE_COMPILATION_CONDITIONS = DEBUG;
				SWIFT_OPTIMIZATION_LEVEL = "-Onone";
			};
			name = Debug;
		};
		B137D81C279B316E00E668D5 /* Release */ = {
			isa = XCBuildConfiguration;
			buildSettings = {
				ALWAYS_SEARCH_USER_PATHS = NO;
				CLANG_ANALYZER_NONNULL = YES;
				CLANG_ANALYZER_NUMBER_OBJECT_CONVERSION = YES_AGGRESSIVE;
				CLANG_CXX_LANGUAGE_STANDARD = "gnu++17";
				CLANG_CXX_LIBRARY = "libc++";
				CLANG_ENABLE_MODULES = YES;
				CLANG_ENABLE_OBJC_ARC = YES;
				CLANG_ENABLE_OBJC_WEAK = YES;
				CLANG_WARN_BLOCK_CAPTURE_AUTORELEASING = YES;
				CLANG_WARN_BOOL_CONVERSION = YES;
				CLANG_WARN_COMMA = YES;
				CLANG_WARN_CONSTANT_CONVERSION = YES;
				CLANG_WARN_DEPRECATED_OBJC_IMPLEMENTATIONS = YES;
				CLANG_WARN_DIRECT_OBJC_ISA_USAGE = YES_ERROR;
				CLANG_WARN_DOCUMENTATION_COMMENTS = YES;
				CLANG_WARN_EMPTY_BODY = YES;
				CLANG_WARN_ENUM_CONVERSION = YES;
				CLANG_WARN_INFINITE_RECURSION = YES;
				CLANG_WARN_INT_CONVERSION = YES;
				CLANG_WARN_NON_LITERAL_NULL_CONVERSION = YES;
				CLANG_WARN_OBJC_IMPLICIT_RETAIN_SELF = YES;
				CLANG_WARN_OBJC_LITERAL_CONVERSION = YES;
				CLANG_WARN_OBJC_ROOT_CLASS = YES_ERROR;
				CLANG_WARN_QUOTED_INCLUDE_IN_FRAMEWORK_HEADER = YES;
				CLANG_WARN_RANGE_LOOP_ANALYSIS = YES;
				CLANG_WARN_STRICT_PROTOTYPES = YES;
				CLANG_WARN_SUSPICIOUS_MOVE = YES;
				CLANG_WARN_UNGUARDED_AVAILABILITY = YES_AGGRESSIVE;
				CLANG_WARN_UNREACHABLE_CODE = YES;
				CLANG_WARN__DUPLICATE_METHOD_MATCH = YES;
				COPY_PHASE_STRIP = NO;
				DEBUG_INFORMATION_FORMAT = "dwarf-with-dsym";
				ENABLE_NS_ASSERTIONS = NO;
				ENABLE_STRICT_OBJC_MSGSEND = YES;
				GCC_C_LANGUAGE_STANDARD = gnu11;
				GCC_NO_COMMON_BLOCKS = YES;
				GCC_WARN_64_TO_32_BIT_CONVERSION = YES;
				GCC_WARN_ABOUT_RETURN_TYPE = YES_ERROR;
				GCC_WARN_UNDECLARED_SELECTOR = YES;
				GCC_WARN_UNINITIALIZED_AUTOS = YES_AGGRESSIVE;
				GCC_WARN_UNUSED_FUNCTION = YES;
				GCC_WARN_UNUSED_VARIABLE = YES;
				MTL_ENABLE_DEBUG_INFO = NO;
				MTL_FAST_MATH = YES;
				SWIFT_COMPILATION_MODE = wholemodule;
				SWIFT_OPTIMIZATION_LEVEL = "-O";
			};
			name = Release;
		};
		B137D81E279B316E00E668D5 /* Debug */ = {
			isa = XCBuildConfiguration;
			buildSettings = {
				ASSETCATALOG_COMPILER_APPICON_NAME = AppIcon;
				ASSETCATALOG_COMPILER_GLOBAL_ACCENT_COLOR_NAME = AccentColor;
				CODE_SIGN_STYLE = Automatic;
				CURRENT_PROJECT_VERSION = 1;
				ENABLE_PREVIEWS = YES;
				GENERATE_INFOPLIST_FILE = YES;
				INFOPLIST_KEY_UIApplicationSceneManifest_Generation = YES;
				INFOPLIST_KEY_UIApplicationSupportsIndirectInputEvents = YES;
				INFOPLIST_KEY_UILaunchScreen_Generation = YES;
				INFOPLIST_KEY_UISupportedInterfaceOrientations_iPad = "UIInterfaceOrientationPortrait UIInterfaceOrientationPortraitUpsideDown UIInterfaceOrientationLandscapeLeft UIInterfaceOrientationLandscapeRight";
				INFOPLIST_KEY_UISupportedInterfaceOrientations_iPhone = "UIInterfaceOrientationPortrait UIInterfaceOrientationLandscapeLeft UIInterfaceOrientationLandscapeRight";
				IPHONEOS_DEPLOYMENT_TARGET = 15.2;
				LD_RUNPATH_SEARCH_PATHS = (
					"$(inherited)",
					"@executable_path/Frameworks",
				);
				MARKETING_VERSION = 1.0;
				PRODUCT_BUNDLE_IDENTIFIER = IIT.SphereApp;
				PRODUCT_NAME = SphereApp;
				SDKROOT = iphoneos;
				SWIFT_EMIT_LOC_STRINGS = YES;
				SWIFT_VERSION = 5.0;
				TARGETED_DEVICE_FAMILY = "1,2";
			};
			name = Debug;
		};
		B137D81F279B316E00E668D5 /* Release */ = {
			isa = XCBuildConfiguration;
			buildSettings = {
				ASSETCATALOG_COMPILER_APPICON_NAME = AppIcon;
				ASSETCATALOG_COMPILER_GLOBAL_ACCENT_COLOR_NAME = AccentColor;
				CODE_SIGN_STYLE = Automatic;
				CURRENT_PROJECT_VERSION = 1;
				ENABLE_PREVIEWS = YES;
				GENERATE_INFOPLIST_FILE = YES;
				INFOPLIST_KEY_UIApplicationSceneManifest_Generation = YES;
				INFOPLIST_KEY_UIApplicationSupportsIndirectInputEvents = YES;
				INFOPLIST_KEY_UILaunchScreen_Generation = YES;
				INFOPLIST_KEY_UISupportedInterfaceOrientations_iPad = "UIInterfaceOrientationPortrait UIInterfaceOrientationPortraitUpsideDown UIInterfaceOrientationLandscapeLeft UIInterfaceOrientationLandscapeRight";
				INFOPLIST_KEY_UISupportedInterfaceOrientations_iPhone = "UIInterfaceOrientationPortrait UIInterfaceOrientationLandscapeLeft UIInterfaceOrientationLandscapeRight";
				IPHONEOS_DEPLOYMENT_TARGET = 15.2;
				LD_RUNPATH_SEARCH_PATHS = (
					"$(inherited)",
					"@executable_path/Frameworks",
				);
				MARKETING_VERSION = 1.0;
				PRODUCT_BUNDLE_IDENTIFIER = IIT.SphereApp;
				PRODUCT_NAME = SphereApp;
				SDKROOT = iphoneos;
				SWIFT_EMIT_LOC_STRINGS = YES;
				SWIFT_VERSION = 5.0;
				TARGETED_DEVICE_FAMILY = "1,2";
				VALIDATE_PRODUCT = YES;
			};
			name = Release;
		};
		B137D821279B316E00E668D5 /* Debug */ = {
			isa = XCBuildConfiguration;
			buildSettings = {
				ASSETCATALOG_COMPILER_APPICON_NAME = AppIcon;
				ASSETCATALOG_COMPILER_GLOBAL_ACCENT_COLOR_NAME = AccentColor;
				CODE_SIGN_ENTITLEMENTS = macOS/macOS.entitlements;
				CODE_SIGN_STYLE = Automatic;
				COMBINE_HIDPI_IMAGES = YES;
				CURRENT_PROJECT_VERSION = 1;
				ENABLE_PREVIEWS = YES;
				GENERATE_INFOPLIST_FILE = YES;
				INFOPLIST_KEY_NSHumanReadableCopyright = "";
				LD_RUNPATH_SEARCH_PATHS = (
					"$(inherited)",
					"@executable_path/../Frameworks",
				);
				MACOSX_DEPLOYMENT_TARGET = 12.1;
				MARKETING_VERSION = 1.0;
				PRODUCT_BUNDLE_IDENTIFIER = IIT.SphereApp;
				PRODUCT_NAME = SphereApp;
				SDKROOT = macosx;
				SWIFT_EMIT_LOC_STRINGS = YES;
				SWIFT_VERSION = 5.0;
			};
			name = Debug;
		};
		B137D822279B316E00E668D5 /* Release */ = {
			isa = XCBuildConfiguration;
			buildSettings = {
				ASSETCATALOG_COMPILER_APPICON_NAME = AppIcon;
				ASSETCATALOG_COMPILER_GLOBAL_ACCENT_COLOR_NAME = AccentColor;
				CODE_SIGN_ENTITLEMENTS = macOS/macOS.entitlements;
				CODE_SIGN_STYLE = Automatic;
				COMBINE_HIDPI_IMAGES = YES;
				CURRENT_PROJECT_VERSION = 1;
				ENABLE_PREVIEWS = YES;
				GENERATE_INFOPLIST_FILE = YES;
				INFOPLIST_KEY_NSHumanReadableCopyright = "";
				LD_RUNPATH_SEARCH_PATHS = (
					"$(inherited)",
					"@executable_path/../Frameworks",
				);
				MACOSX_DEPLOYMENT_TARGET = 12.1;
				MARKETING_VERSION = 1.0;
				PRODUCT_BUNDLE_IDENTIFIER = IIT.SphereApp;
				PRODUCT_NAME = SphereApp;
				SDKROOT = macosx;
				SWIFT_EMIT_LOC_STRINGS = YES;
				SWIFT_VERSION = 5.0;
			};
			name = Release;
		};
		B137D824279B316E00E668D5 /* Debug */ = {
			isa = XCBuildConfiguration;
			buildSettings = {
				ALWAYS_EMBED_SWIFT_STANDARD_LIBRARIES = YES;
				CODE_SIGN_STYLE = Automatic;
				CURRENT_PROJECT_VERSION = 1;
				GENERATE_INFOPLIST_FILE = YES;
				IPHONEOS_DEPLOYMENT_TARGET = 15.2;
				MARKETING_VERSION = 1.0;
				PRODUCT_BUNDLE_IDENTIFIER = "IIT.Tests-iOS";
				PRODUCT_NAME = "$(TARGET_NAME)";
				SDKROOT = iphoneos;
				SWIFT_EMIT_LOC_STRINGS = NO;
				SWIFT_VERSION = 5.0;
				TARGETED_DEVICE_FAMILY = "1,2";
				TEST_TARGET_NAME = "SphereApp (iOS)";
			};
			name = Debug;
		};
		B137D825279B316E00E668D5 /* Release */ = {
			isa = XCBuildConfiguration;
			buildSettings = {
				ALWAYS_EMBED_SWIFT_STANDARD_LIBRARIES = YES;
				CODE_SIGN_STYLE = Automatic;
				CURRENT_PROJECT_VERSION = 1;
				GENERATE_INFOPLIST_FILE = YES;
				IPHONEOS_DEPLOYMENT_TARGET = 15.2;
				MARKETING_VERSION = 1.0;
				PRODUCT_BUNDLE_IDENTIFIER = "IIT.Tests-iOS";
				PRODUCT_NAME = "$(TARGET_NAME)";
				SDKROOT = iphoneos;
				SWIFT_EMIT_LOC_STRINGS = NO;
				SWIFT_VERSION = 5.0;
				TARGETED_DEVICE_FAMILY = "1,2";
				TEST_TARGET_NAME = "SphereApp (iOS)";
				VALIDATE_PRODUCT = YES;
			};
			name = Release;
		};
		B137D827279B316E00E668D5 /* Debug */ = {
			isa = XCBuildConfiguration;
			buildSettings = {
				ALWAYS_EMBED_SWIFT_STANDARD_LIBRARIES = YES;
				CODE_SIGN_STYLE = Automatic;
				CURRENT_PROJECT_VERSION = 1;
				GENERATE_INFOPLIST_FILE = YES;
				MACOSX_DEPLOYMENT_TARGET = 12.1;
				MARKETING_VERSION = 1.0;
				PRODUCT_BUNDLE_IDENTIFIER = "IIT.Tests-macOS";
				PRODUCT_NAME = "$(TARGET_NAME)";
				SDKROOT = macosx;
				SWIFT_EMIT_LOC_STRINGS = NO;
				SWIFT_VERSION = 5.0;
				TEST_TARGET_NAME = "SphereApp (macOS)";
			};
			name = Debug;
		};
		B137D828279B316E00E668D5 /* Release */ = {
			isa = XCBuildConfiguration;
			buildSettings = {
				ALWAYS_EMBED_SWIFT_STANDARD_LIBRARIES = YES;
				CODE_SIGN_STYLE = Automatic;
				CURRENT_PROJECT_VERSION = 1;
				GENERATE_INFOPLIST_FILE = YES;
				MACOSX_DEPLOYMENT_TARGET = 12.1;
				MARKETING_VERSION = 1.0;
				PRODUCT_BUNDLE_IDENTIFIER = "IIT.Tests-macOS";
				PRODUCT_NAME = "$(TARGET_NAME)";
				SDKROOT = macosx;
				SWIFT_EMIT_LOC_STRINGS = NO;
				SWIFT_VERSION = 5.0;
				TEST_TARGET_NAME = "SphereApp (macOS)";
			};
			name = Release;
		};
/* End XCBuildConfiguration section */

/* Begin XCConfigurationList section */
		B137D7EB279B316B00E668D5 /* Build configuration list for PBXProject "SphereApp" */ = {
			isa = XCConfigurationList;
			buildConfigurations = (
				B137D81B279B316E00E668D5 /* Debug */,
				B137D81C279B316E00E668D5 /* Release */,
			);
			defaultConfigurationIsVisible = 0;
			defaultConfigurationName = Release;
		};
		B137D81D279B316E00E668D5 /* Build configuration list for PBXNativeTarget "SphereApp (iOS)" */ = {
			isa = XCConfigurationList;
			buildConfigurations = (
				B137D81E279B316E00E668D5 /* Debug */,
				B137D81F279B316E00E668D5 /* Release */,
			);
			defaultConfigurationIsVisible = 0;
			defaultConfigurationName = Release;
		};
		B137D820279B316E00E668D5 /* Build configuration list for PBXNativeTarget "SphereApp (macOS)" */ = {
			isa = XCConfigurationList;
			buildConfigurations = (
				B137D821279B316E00E668D5 /* Debug */,
				B137D822279B316E00E668D5 /* Release */,
			);
			defaultConfigurationIsVisible = 0;
			defaultConfigurationName = Release;
		};
		B137D823279B316E00E668D5 /* Build configuration list for PBXNativeTarget "Tests iOS" */ = {
			isa = XCConfigurationList;
			buildConfigurations = (
				B137D824279B316E00E668D5 /* Debug */,
				B137D825279B316E00E668D5 /* Release */,
			);
			defaultConfigurationIsVisible = 0;
			defaultConfigurationName = Release;
		};
		B137D826279B316E00E668D5 /* Build configuration list for PBXNativeTarget "Tests macOS" */ = {
			isa = XCConfigurationList;
			buildConfigurations = (
				B137D827279B316E00E668D5 /* Debug */,
				B137D828279B316E00E668D5 /* Release */,
			);
			defaultConfigurationIsVisible = 0;
			defaultConfigurationName = Release;
		};
/* End XCConfigurationList section */
	};
	rootObject = B137D7E8279B316B00E668D5 /* Project object */;
}
